
Microsoft Visual Studio Solution File, Format Version 12.00
# Visual Studio Version 17
VisualStudioVersion = 17.0.31903.59
MinimumVisualStudioVersion = 10.0.40219.1
Project("{2150E333-8FDC-42A3-9474-1A3956D46DE8}") = "src", "src", "{0F62BAF6-1F13-48EA-9F69-1F4015EAFDBD}"
EndProject
Project("{FAE04EC0-301F-11D3-BF4B-00C04F79EFBC}") = "MerkeziFinansalVeri.Domain", "src\MerkeziFinansalVeri.Domain\MerkeziFinansalVeri.Domain.csproj", "{53DBD757-09D5-4836-A5FF-466E62E244F8}"
EndProject
Project("{FAE04EC0-301F-11D3-BF4B-00C04F79EFBC}") = "MerkeziFinansalVeri.Infrastructure", "src\MerkeziFinansalVeri.Infrastructure\MerkeziFinansalVeri.Infrastructure.csproj", "{3D624FC3-0CD1-492D-AE3A-198FEB8BC24F}"
EndProject
Project("{FAE04EC0-301F-11D3-BF4B-00C04F79EFBC}") = "MerkeziFinansalVeri.Api", "src\MerkeziFinansalVeri.Api\MerkeziFinansalVeri.Api.csproj", "{CBAFD84B-5DB0-4914-A9B4-ECF0F085414D}"
EndProject
Global
	GlobalSection(SolutionConfigurationPlatforms) = preSolution
		Debug|Any CPU = Debug|Any CPU
		Release|Any CPU = Release|Any CPU
	EndGlobalSection
	GlobalSection(SolutionProperties) = preSolution
		HideSolutionNode = FALSE
	EndGlobalSection
	GlobalSection(ProjectConfigurationPlatforms) = postSolution
		{53DBD757-09D5-4836-A5FF-466E62E244F8}.Debug|Any CPU.ActiveCfg = Debug|Any CPU
		{53DBD757-09D5-4836-A5FF-466E62E244F8}.Debug|Any CPU.Build.0 = Debug|Any CPU
		{53DBD757-09D5-4836-A5FF-466E62E244F8}.Release|Any CPU.ActiveCfg = Release|Any CPU
		{53DBD757-09D5-4836-A5FF-466E62E244F8}.Release|Any CPU.Build.0 = Release|Any CPU
		{3D624FC3-0CD1-492D-AE3A-198FEB8BC24F}.Debug|Any CPU.ActiveCfg = Debug|Any CPU
		{3D624FC3-0CD1-492D-AE3A-198FEB8BC24F}.Debug|Any CPU.Build.0 = Debug|Any CPU
		{3D624FC3-0CD1-492D-AE3A-198FEB8BC24F}.Release|Any CPU.ActiveCfg = Release|Any CPU
		{3D624FC3-0CD1-492D-AE3A-198FEB8BC24F}.Release|Any CPU.Build.0 = Release|Any CPU
		{CBAFD84B-5DB0-4914-A9B4-ECF0F085414D}.Debug|Any CPU.ActiveCfg = Debug|Any CPU
		{CBAFD84B-5DB0-4914-A9B4-ECF0F085414D}.Debug|Any CPU.Build.0 = Debug|Any CPU
		{CBAFD84B-5DB0-4914-A9B4-ECF0F085414D}.Release|Any CPU.ActiveCfg = Release|Any CPU
		{CBAFD84B-5DB0-4914-A9B4-ECF0F085414D}.Release|Any CPU.Build.0 = Release|Any CPU
	EndGlobalSection
	GlobalSection(NestedProjects) = preSolution
		{53DBD757-09D5-4836-A5FF-466E62E244F8} = {0F62BAF6-1F13-48EA-9F69-1F4015EAFDBD}
		{3D624FC3-0CD1-492D-AE3A-198FEB8BC24F} = {0F62BAF6-1F13-48EA-9F69-1F4015EAFDBD}
		{CBAFD84B-5DB0-4914-A9B4-ECF0F085414D} = {0F62BAF6-1F13-48EA-9F69-1F4015EAFDBD}
	EndGlobalSection
EndGlobal
